
Microsoft Visual Studio Solution File, Format Version 12.00
# Visual Studio Express 14 for Windows Desktop
VisualStudioVersion = 14.0.24720.0
MinimumVisualStudioVersion = 10.0.40219.1
Project("{8BC9CEB8-8B4A-11D0-8D11-00A0C91BC942}") = "Source1", "Source1.vcxproj", "{E20CF463-1BE5-4808-83D8-76222AC3373A}"
EndProject
Global
	GlobalSection(SolutionConfigurationPlatforms) = preSolution
		Debug|x64 = Debug|x64
		Debug|x86 = Debug|x86
		Release|x64 = Release|x64
		Release|x86 = Release|x86
	EndGlobalSection
	GlobalSection(ProjectConfigurationPlatforms) = postSolution
		{E20CF463-1BE5-4808-83D8-76222AC3373A}.Debug|x64.ActiveCfg = Debug|x64
		{E20CF463-1BE5-4808-83D8-76222AC3373A}.Debug|x64.Build.0 = Debug|x64
		{E20CF463-1BE5-4808-83D8-76222AC3373A}.Debug|x86.ActiveCfg = Debug|Win32
		{E20CF463-1BE5-4808-83D8-76222AC3373A}.Debug|x86.Build.0 = Debug|Win32
		{E20CF463-1BE5-4808-83D8-76222AC3373A}.Release|x64.ActiveCfg = Release|x64
		{E20CF463-1BE5-4808-83D8-76222AC3373A}.Release|x64.Build.0 = Release|x64
		{E20CF463-1BE5-4808-83D8-76222AC3373A}.Release|x86.ActiveCfg = Release|Win32
		{E20CF463-1BE5-4808-83D8-76222AC3373A}.Release|x86.Build.0 = Release|Win32
	EndGlobalSection
	GlobalSection(SolutionProperties) = preSolution
		HideSolutionNode = FALSE
	EndGlobalSection
EndGlobal
