
Microsoft Visual Studio Solution File, Format Version 12.00
# Visual Studio Express 14 for Windows Desktop
VisualStudioVersion = 14.0.24720.0
MinimumVisualStudioVersion = 10.0.40219.1
Project("{8BC9CEB8-8B4A-11D0-8D11-00A0C91BC942}") = "Segments tree", "Segments tree.vcxproj", "{97E60738-A119-4D9F-91B9-D382CCA86B9E}"
EndProject
Project("{8BC9CEB8-8B4A-11D0-8D11-00A0C91BC942}") = "Пре, Z функции", "..\Поиск подстроки\Поиск подстроки.vcxproj", "{B7979E91-1E83-4A1F-AC71-48A393A29598}"
EndProject
Global
	GlobalSection(SolutionConfigurationPlatforms) = preSolution
		Debug|x64 = Debug|x64
		Debug|x86 = Debug|x86
		Release|x64 = Release|x64
		Release|x86 = Release|x86
	EndGlobalSection
	GlobalSection(ProjectConfigurationPlatforms) = postSolution
		{97E60738-A119-4D9F-91B9-D382CCA86B9E}.Debug|x64.ActiveCfg = Debug|x64
		{97E60738-A119-4D9F-91B9-D382CCA86B9E}.Debug|x64.Build.0 = Debug|x64
		{97E60738-A119-4D9F-91B9-D382CCA86B9E}.Debug|x86.ActiveCfg = Debug|Win32
		{97E60738-A119-4D9F-91B9-D382CCA86B9E}.Debug|x86.Build.0 = Debug|Win32
		{97E60738-A119-4D9F-91B9-D382CCA86B9E}.Release|x64.ActiveCfg = Release|x64
		{97E60738-A119-4D9F-91B9-D382CCA86B9E}.Release|x64.Build.0 = Release|x64
		{97E60738-A119-4D9F-91B9-D382CCA86B9E}.Release|x86.ActiveCfg = Release|Win32
		{97E60738-A119-4D9F-91B9-D382CCA86B9E}.Release|x86.Build.0 = Release|Win32
		{B7979E91-1E83-4A1F-AC71-48A393A29598}.Debug|x64.ActiveCfg = Debug|x64
		{B7979E91-1E83-4A1F-AC71-48A393A29598}.Debug|x64.Build.0 = Debug|x64
		{B7979E91-1E83-4A1F-AC71-48A393A29598}.Debug|x86.ActiveCfg = Debug|Win32
		{B7979E91-1E83-4A1F-AC71-48A393A29598}.Debug|x86.Build.0 = Debug|Win32
		{B7979E91-1E83-4A1F-AC71-48A393A29598}.Release|x64.ActiveCfg = Release|x64
		{B7979E91-1E83-4A1F-AC71-48A393A29598}.Release|x64.Build.0 = Release|x64
		{B7979E91-1E83-4A1F-AC71-48A393A29598}.Release|x86.ActiveCfg = Release|Win32
		{B7979E91-1E83-4A1F-AC71-48A393A29598}.Release|x86.Build.0 = Release|Win32
	EndGlobalSection
	GlobalSection(SolutionProperties) = preSolution
		HideSolutionNode = FALSE
	EndGlobalSection
EndGlobal
